PODS:
  - CocoaLumberjack (3.5.3):
    - CocoaLumberjack/Core (= 3.5.3)
  - CocoaLumberjack/Core (3.5.3)
  - SDWebImage (5.0.3):
    - SDWebImage/Core (= 5.0.3)
  - SDWebImage/Core (5.0.3)
  - SDWebImageSVGCoder (0.3.0):
    - SDWebImage/Core (~> 5.0)
    - SVGKit (>= 2.1)
  - SVGKit (2.1.1):
    - CocoaLumberjack (~> 3.0)

DEPENDENCIES:
  - SDWebImage
  - SDWebImageSVGCoder

SPEC REPOS:
  https://github.com/cocoapods/specs.git:
    - CocoaLumberjack
    - SDWebImage
    - SDWebImageSVGCoder
    - SVGKit

SPEC CHECKSUMS:
  CocoaLumberjack: 2f44e60eb91c176d471fdba43b9e3eae6a721947
  SDWebImage: d4f87d7d36c8a4d9f9459dc282e0caa057fdf935
  SDWebImageSVGCoder: 4b354bcdc7d74ce14d9fdb3c9ed9ab2c667f3b57
  SVGKit: 652cdf7bef8bec8564d04a8511d3ab50c7595fac

PODFILE CHECKSUM: ef60ae7f2ff99d2e75dbe98f4256ecbfe7f47843

COCOAPODS: 1.6.1
