// !$*UTF8*$!
{
	archiveVersion = 1;
	classes = {
	};
	objectVersion = 50;
	objects = {

/* Begin PBXBuildFile section */
		40161B7A2282B26800473100 /* CountryDetails.swift in Sources */ = {isa = PBXBuildFile; fileRef = 40161B792282B26800473100 /* CountryDetails.swift */; };
		404D58092281600C00B17E2A /* DetailsScreenViewController.swift in Sources */ = {isa = PBXBuildFile; fileRef = 404D58082281600C00B17E2A /* DetailsScreenViewController.swift */; };
		4065410D228034CD00953E27 /* AppDelegate.swift in Sources */ = {isa = PBXBuildFile; fileRef = 4065410C228034CD00953E27 /* AppDelegate.swift */; };
		4065410F228034CD00953E27 /* MainScreenViewController.swift in Sources */ = {isa = PBXBuildFile; fileRef = 4065410E228034CD00953E27 /* MainScreenViewController.swift */; };
		40654112228034CD00953E27 /* Main.storyboard in Resources */ = {isa = PBXBuildFile; fileRef = 40654110228034CD00953E27 /* Main.storyboard */; };
		40654114228034CE00953E27 /* Assets.xcassets in Resources */ = {isa = PBXBuildFile; fileRef = 40654113228034CE00953E27 /* Assets.xcassets */; };
		40654122228034CE00953E27 /* REST_Countries_BrowserTests.swift in Sources */ = {isa = PBXBuildFile; fileRef = 40654121228034CE00953E27 /* REST_Countries_BrowserTests.swift */; };
		40B99CAD22841D5F0086AD85 /* CustomViewController.swift in Sources */ = {isa = PBXBuildFile; fileRef = 40B99CAC22841D5F0086AD85 /* CustomViewController.swift */; };
		40B99CAF2284599A0086AD85 /* Extensions.swift in Sources */ = {isa = PBXBuildFile; fileRef = 40B99CAE2284599A0086AD85 /* Extensions.swift */; };
		40D1B08322830DF40059D985 /* DetailsTableViewCell.swift in Sources */ = {isa = PBXBuildFile; fileRef = 40D1B08222830DF40059D985 /* DetailsTableViewCell.swift */; };
		40D521EF228077B600AD18CE /* CountryCell.swift in Sources */ = {isa = PBXBuildFile; fileRef = 40D521EE228077B600AD18CE /* CountryCell.swift */; };
		40D5A28F22846C4F0006C955 /* Readme in Resources */ = {isa = PBXBuildFile; fileRef = 40D5A28E22846C4F0006C955 /* Readme */; };
		40F254AA2280362C00003328 /* CountryHeader.swift in Sources */ = {isa = PBXBuildFile; fileRef = 40F254A92280362C00003328 /* CountryHeader.swift */; };
		7E2DDAF73405D29B867F9FA1 /* Pods_REST_Countries_Browser.framework in Frameworks */ = {isa = PBXBuildFile; fileRef = 6A3B01FEEEEE3469DAE1977E /* Pods_REST_Countries_Browser.framework */; };
		89CD8A0C9067FC6201845B52 /* Pods_REST_Countries_BrowserTests.framework in Frameworks */ = {isa = PBXBuildFile; fileRef = 7333A7F2B0DF78457F72A375 /* Pods_REST_Countries_BrowserTests.framework */; };
/* End PBXBuildFile section */

/* Begin PBXContainerItemProxy section */
		4065411E228034CE00953E27 /* PBXContainerItemProxy */ = {
			isa = PBXContainerItemProxy;
			containerPortal = 40654101228034CD00953E27 /* Project object */;
			proxyType = 1;
			remoteGlobalIDString = 40654108228034CD00953E27;
			remoteInfo = "REST Countries Browser";
		};
/* End PBXContainerItemProxy section */

/* Begin PBXFileReference section */
		0A2B019A0CE5B1CF65D5905A /* Pods-REST Countries BrowserTests.debug.xcconfig */ = {isa = PBXFileReference; includeInIndex = 1; lastKnownFileType = text.xcconfig; name = "Pods-REST Countries BrowserTests.debug.xcconfig"; path = "Target Support Files/Pods-REST Countries BrowserTests/Pods-REST Countries BrowserTests.debug.xcconfig"; sourceTree = "<group>"; };
		40161B792282B26800473100 /* CountryDetails.swift */ = {isa = PBXFileReference; lastKnownFileType = sourcecode.swift; path = CountryDetails.swift; sourceTree = "<group>"; };
		404D58082281600C00B17E2A /* DetailsScreenViewController.swift */ = {isa = PBXFileReference; lastKnownFileType = sourcecode.swift; path = DetailsScreenViewController.swift; sourceTree = "<group>"; };
		40654109228034CD00953E27 /* REST Countries Browser.app */ = {isa = PBXFileReference; explicitFileType = wrapper.application; includeInIndex = 0; path = "REST Countries Browser.app"; sourceTree = BUILT_PRODUCTS_DIR; };
		4065410C228034CD00953E27 /* AppDelegate.swift */ = {isa = PBXFileReference; lastKnownFileType = sourcecode.swift; path = AppDelegate.swift; sourceTree = "<group>"; };
		4065410E228034CD00953E27 /* MainScreenViewController.swift */ = {isa = PBXFileReference; lastKnownFileType = sourcecode.swift; path = MainScreenViewController.swift; sourceTree = "<group>"; };
		40654111228034CD00953E27 /* Base */ = {isa = PBXFileReference; lastKnownFileType = file.storyboard; name = Base; path = Base.lproj/Main.storyboard; sourceTree = "<group>"; };
		40654113228034CE00953E27 /* Assets.xcassets */ = {isa = PBXFileReference; lastKnownFileType = folder.assetcatalog; path = Assets.xcassets; sourceTree = "<group>"; };
		40654118228034CE00953E27 /* Info.plist */ = {isa = PBXFileReference; lastKnownFileType = text.plist.xml; path = Info.plist; sourceTree = "<group>"; };
		4065411D228034CE00953E27 /* REST Countries BrowserTests.xctest */ = {isa = PBXFileReference; explicitFileType = wrapper.cfbundle; includeInIndex = 0; path = "REST Countries BrowserTests.xctest"; sourceTree = BUILT_PRODUCTS_DIR; };
		40654121228034CE00953E27 /* REST_Countries_BrowserTests.swift */ = {isa = PBXFileReference; lastKnownFileType = sourcecode.swift; path = REST_Countries_BrowserTests.swift; sourceTree = "<group>"; };
		40654123228034CE00953E27 /* Info.plist */ = {isa = PBXFileReference; lastKnownFileType = text.plist.xml; path = Info.plist; sourceTree = "<group>"; };
		40B99CAC22841D5F0086AD85 /* CustomViewController.swift */ = {isa = PBXFileReference; lastKnownFileType = sourcecode.swift; path = CustomViewController.swift; sourceTree = "<group>"; };
		40B99CAE2284599A0086AD85 /* Extensions.swift */ = {isa = PBXFileReference; lastKnownFileType = sourcecode.swift; path = Extensions.swift; sourceTree = "<group>"; };
		40D1B08222830DF40059D985 /* DetailsTableViewCell.swift */ = {isa = PBXFileReference; lastKnownFileType = sourcecode.swift; path = DetailsTableViewCell.swift; sourceTree = "<group>"; };
		40D521EE228077B600AD18CE /* CountryCell.swift */ = {isa = PBXFileReference; lastKnownFileType = sourcecode.swift; path = CountryCell.swift; sourceTree = "<group>"; };
		40D5A28E22846C4F0006C955 /* Readme */ = {isa = PBXFileReference; lastKnownFileType = text; path = Readme; sourceTree = "<group>"; };
		40F254A92280362C00003328 /* CountryHeader.swift */ = {isa = PBXFileReference; lastKnownFileType = sourcecode.swift; path = CountryHeader.swift; sourceTree = "<group>"; };
		6A3B01FEEEEE3469DAE1977E /* Pods_REST_Countries_Browser.framework */ = {isa = PBXFileReference; explicitFileType = wrapper.framework; includeInIndex = 0; path = Pods_REST_Countries_Browser.framework; sourceTree = BUILT_PRODUCTS_DIR; };
		7333A7F2B0DF78457F72A375 /* Pods_REST_Countries_BrowserTests.framework */ = {isa = PBXFileReference; explicitFileType = wrapper.framework; includeInIndex = 0; path = Pods_REST_Countries_BrowserTests.framework; sourceTree = BUILT_PRODUCTS_DIR; };
		AF54309DB0B00D6FF76B4A9F /* Pods-REST Countries Browser.release.xcconfig */ = {isa = PBXFileReference; includeInIndex = 1; lastKnownFileType = text.xcconfig; name = "Pods-REST Countries Browser.release.xcconfig"; path = "Target Support Files/Pods-REST Countries Browser/Pods-REST Countries Browser.release.xcconfig"; sourceTree = "<group>"; };
		BFF85B8E4970CD5732B7ED46 /* Pods-REST Countries BrowserTests.release.xcconfig */ = {isa = PBXFileReference; includeInIndex = 1; lastKnownFileType = text.xcconfig; name = "Pods-REST Countries BrowserTests.release.xcconfig"; path = "Target Support Files/Pods-REST Countries BrowserTests/Pods-REST Countries BrowserTests.release.xcconfig"; sourceTree = "<group>"; };
		F18D0ABCEEF89BD3710E6B30 /* Pods-REST Countries Browser.debug.xcconfig */ = {isa = PBXFileReference; includeInIndex = 1; lastKnownFileType = text.xcconfig; name = "Pods-REST Countries Browser.debug.xcconfig"; path = "Target Support Files/Pods-REST Countries Browser/Pods-REST Countries Browser.debug.xcconfig"; sourceTree = "<group>"; };
/* End PBXFileReference section */

/* Begin PBXFrameworksBuildPhase section */
		40654106228034CD00953E27 /* Frameworks */ = {
			isa = PBXFrameworksBuildPhase;
			buildActionMask = 2147483647;
			files = (
				7E2DDAF73405D29B867F9FA1 /* Pods_REST_Countries_Browser.framework in Frameworks */,
			);
			runOnlyForDeploymentPostprocessing = 0;
		};
		4065411A228034CE00953E27 /* Frameworks */ = {
			isa = PBXFrameworksBuildPhase;
			buildActionMask = 2147483647;
			files = (
				89CD8A0C9067FC6201845B52 /* Pods_REST_Countries_BrowserTests.framework in Frameworks */,
			);
			runOnlyForDeploymentPostprocessing = 0;
		};
/* End PBXFrameworksBuildPhase section */

/* Begin PBXGroup section */
		15F5B01FAACEFCE31777F6E8 /* Frameworks */ = {
			isa = PBXGroup;
			children = (
				6A3B01FEEEEE3469DAE1977E /* Pods_REST_Countries_Browser.framework */,
				7333A7F2B0DF78457F72A375 /* Pods_REST_Countries_BrowserTests.framework */,
			);
			name = Frameworks;
			sourceTree = "<group>";
		};
		40654100228034CD00953E27 = {
			isa = PBXGroup;
			children = (
				4065410B228034CD00953E27 /* REST Countries Browser */,
				40654120228034CE00953E27 /* REST Countries BrowserTests */,
				4065410A228034CD00953E27 /* Products */,
				88CCD63FBE3C9DBBA223F56E /* Pods */,
				15F5B01FAACEFCE31777F6E8 /* Frameworks */,
			);
			sourceTree = "<group>";
		};
		4065410A228034CD00953E27 /* Products */ = {
			isa = PBXGroup;
			children = (
				40654109228034CD00953E27 /* REST Countries Browser.app */,
				4065411D228034CE00953E27 /* REST Countries BrowserTests.xctest */,
			);
			name = Products;
			sourceTree = "<group>";
		};
		4065410B228034CD00953E27 /* REST Countries Browser */ = {
			isa = PBXGroup;
			children = (
				40F254A6228035E300003328 /* Model */,
				40F254A7228035EB00003328 /* View */,
				40F254A8228035F200003328 /* Controller */,
				4065410C228034CD00953E27 /* AppDelegate.swift */,
				40B99CAE2284599A0086AD85 /* Extensions.swift */,
				40654113228034CE00953E27 /* Assets.xcassets */,
				40654118228034CE00953E27 /* Info.plist */,
				40D5A28E22846C4F0006C955 /* Readme */,
			);
			path = "REST Countries Browser";
			sourceTree = "<group>";
		};
		40654120228034CE00953E27 /* REST Countries BrowserTests */ = {
			isa = PBXGroup;
			children = (
				40654121228034CE00953E27 /* REST_Countries_BrowserTests.swift */,
				40654123228034CE00953E27 /* Info.plist */,
			);
			path = "REST Countries BrowserTests";
			sourceTree = "<group>";
		};
		40F254A6228035E300003328 /* Model */ = {
			isa = PBXGroup;
			children = (
				40F254A92280362C00003328 /* CountryHeader.swift */,
				40161B792282B26800473100 /* CountryDetails.swift */,
			);
			path = Model;
			sourceTree = "<group>";
		};
		40F254A7228035EB00003328 /* View */ = {
			isa = PBXGroup;
			children = (
				40654110228034CD00953E27 /* Main.storyboard */,
				40D1B08222830DF40059D985 /* DetailsTableViewCell.swift */,
				40D521EE228077B600AD18CE /* CountryCell.swift */,
			);
			path = View;
			sourceTree = "<group>";
		};
		40F254A8228035F200003328 /* Controller */ = {
			isa = PBXGroup;
			children = (
				40B99CAC22841D5F0086AD85 /* CustomViewController.swift */,
				4065410E228034CD00953E27 /* MainScreenViewController.swift */,
				404D58082281600C00B17E2A /* DetailsScreenViewController.swift */,
			);
			path = Controller;
			sourceTree = "<group>";
		};
		88CCD63FBE3C9DBBA223F56E /* Pods */ = {
			isa = PBXGroup;
			children = (
				F18D0ABCEEF89BD3710E6B30 /* Pods-REST Countries Browser.debug.xcconfig */,
				AF54309DB0B00D6FF76B4A9F /* Pods-REST Countries Browser.release.xcconfig */,
				0A2B019A0CE5B1CF65D5905A /* Pods-REST Countries BrowserTests.debug.xcconfig */,
				BFF85B8E4970CD5732B7ED46 /* Pods-REST Countries BrowserTests.release.xcconfig */,
			);
			path = Pods;
			sourceTree = "<group>";
		};
/* End PBXGroup section */

/* Begin PBXNativeTarget section */
		40654108228034CD00953E27 /* REST Countries Browser */ = {
			isa = PBXNativeTarget;
			buildConfigurationList = 40654126228034CE00953E27 /* Build configuration list for PBXNativeTarget "REST Countries Browser" */;
			buildPhases = (
				6E53EB4CF58BA013E632141A /* [CP] Check Pods Manifest.lock */,
				40654105228034CD00953E27 /* Sources */,
				40654106228034CD00953E27 /* Frameworks */,
				40654107228034CD00953E27 /* Resources */,
				E9B98A1F3BD528FA92EF8F4F /* [CP] Embed Pods Frameworks */,
			);
			buildRules = (
			);
			dependencies = (
			);
			name = "REST Countries Browser";
			productName = "REST Countries Browser";
			productReference = 40654109228034CD00953E27 /* REST Countries Browser.app */;
			productType = "com.apple.product-type.application";
		};
		4065411C228034CE00953E27 /* REST Countries BrowserTests */ = {
			isa = PBXNativeTarget;
			buildConfigurationList = 40654129228034CE00953E27 /* Build configuration list for PBXNativeTarget "REST Countries BrowserTests" */;
			buildPhases = (
				61D011B98F4990AF0122BA67 /* [CP] Check Pods Manifest.lock */,
				40654119228034CE00953E27 /* Sources */,
				4065411A228034CE00953E27 /* Frameworks */,
				4065411B228034CE00953E27 /* Resources */,
			);
			buildRules = (
			);
			dependencies = (
				4065411F228034CE00953E27 /* PBXTargetDependency */,
			);
			name = "REST Countries BrowserTests";
			productName = "REST Countries BrowserTests";
			productReference = 4065411D228034CE00953E27 /* REST Countries BrowserTests.xctest */;
			productType = "com.apple.product-type.bundle.unit-test";
		};
/* End PBXNativeTarget section */

/* Begin PBXProject section */
		40654101228034CD00953E27 /* Project object */ = {
			isa = PBXProject;
			attributes = {
				LastSwiftUpdateCheck = 1020;
				LastUpgradeCheck = 1020;
				ORGANIZATIONNAME = "Andrzej Czyżyk";
				TargetAttributes = {
					40654108228034CD00953E27 = {
						CreatedOnToolsVersion = 10.2.1;
					};
					4065411C228034CE00953E27 = {
						CreatedOnToolsVersion = 10.2.1;
						TestTargetID = 40654108228034CD00953E27;
					};
				};
			};
			buildConfigurationList = 40654104228034CD00953E27 /* Build configuration list for PBXProject "REST Countries Browser" */;
			compatibilityVersion = "Xcode 9.3";
			developmentRegion = en;
			hasScannedForEncodings = 0;
			knownRegions = (
				en,
				Base,
			);
			mainGroup = 40654100228034CD00953E27;
			productRefGroup = 4065410A228034CD00953E27 /* Products */;
			projectDirPath = "";
			projectRoot = "";
			targets = (
				40654108228034CD00953E27 /* REST Countries Browser */,
				4065411C228034CE00953E27 /* REST Countries BrowserTests */,
			);
		};
/* End PBXProject section */

/* Begin PBXResourcesBuildPhase section */
		40654107228034CD00953E27 /* Resources */ = {
			isa = PBXResourcesBuildPhase;
			buildActionMask = 2147483647;
			files = (
				40654114228034CE00953E27 /* Assets.xcassets in Resources */,
				40D5A28F22846C4F0006C955 /* Readme in Resources */,
				40654112228034CD00953E27 /* Main.storyboard in Resources */,
			);
			runOnlyForDeploymentPostprocessing = 0;
		};
		4065411B228034CE00953E27 /* Resources */ = {
			isa = PBXResourcesBuildPhase;
			buildActionMask = 2147483647;
			files = (
			);
			runOnlyForDeploymentPostprocessing = 0;
		};
/* End PBXResourcesBuildPhase section */

/* Begin PBXShellScriptBuildPhase section */
		61D011B98F4990AF0122BA67 /* [CP] Check Pods Manifest.lock */ = {
			isa = PBXShellScriptBuildPhase;
			buildActionMask = 2147483647;
			files = (
			);
			inputFileListPaths = (
			);
			inputPaths = (
				"${PODS_PODFILE_DIR_PATH}/Podfile.lock",
				"${PODS_ROOT}/Manifest.lock",
			);
			name = "[CP] Check Pods Manifest.lock";
			outputFileListPaths = (
			);
			outputPaths = (
				"$(DERIVED_FILE_DIR)/Pods-REST Countries BrowserTests-checkManifestLockResult.txt",
			);
			runOnlyForDeploymentPostprocessing = 0;
			shellPath = /bin/sh;
			shellScript = "diff \"${PODS_PODFILE_DIR_PATH}/Podfile.lock\" \"${PODS_ROOT}/Manifest.lock\" > /dev/null\nif [ $? != 0 ] ; then\n    # print error to STDERR\n    echo \"error: The sandbox is not in sync with the Podfile.lock. Run 'pod install' or update your CocoaPods installation.\" >&2\n    exit 1\nfi\n# This output is used by Xcode 'outputs' to avoid re-running this script phase.\necho \"SUCCESS\" > \"${SCRIPT_OUTPUT_FILE_0}\"\n";
			showEnvVarsInLog = 0;
		};
		6E53EB4CF58BA013E632141A /* [CP] Check Pods Manifest.lock */ = {
			isa = PBXShellScriptBuildPhase;
			buildActionMask = 2147483647;
			files = (
			);
			inputFileListPaths = (
			);
			inputPaths = (
				"${PODS_PODFILE_DIR_PATH}/Podfile.lock",
				"${PODS_ROOT}/Manifest.lock",
			);
			name = "[CP] Check Pods Manifest.lock";
			outputFileListPaths = (
			);
			outputPaths = (
				"$(DERIVED_FILE_DIR)/Pods-REST Countries Browser-checkManifestLockResult.txt",
			);
			runOnlyForDeploymentPostprocessing = 0;
			shellPath = /bin/sh;
			shellScript = "diff \"${PODS_PODFILE_DIR_PATH}/Podfile.lock\" \"${PODS_ROOT}/Manifest.lock\" > /dev/null\nif [ $? != 0 ] ; then\n    # print error to STDERR\n    echo \"error: The sandbox is not in sync with the Podfile.lock. Run 'pod install' or update your CocoaPods installation.\" >&2\n    exit 1\nfi\n# This output is used by Xcode 'outputs' to avoid re-running this script phase.\necho \"SUCCESS\" > \"${SCRIPT_OUTPUT_FILE_0}\"\n";
			showEnvVarsInLog = 0;
		};
		E9B98A1F3BD528FA92EF8F4F /* [CP] Embed Pods Frameworks */ = {
			isa = PBXShellScriptBuildPhase;
			buildActionMask = 2147483647;
			files = (
			);
			inputFileListPaths = (
			);
			inputPaths = (
				"${PODS_ROOT}/Target Support Files/Pods-REST Countries Browser/Pods-REST Countries Browser-frameworks.sh",
				"${BUILT_PRODUCTS_DIR}/Alamofire/Alamofire.framework",
				"${BUILT_PRODUCTS_DIR}/CocoaLumberjack/CocoaLumberjack.framework",
				"${BUILT_PRODUCTS_DIR}/SDWebImage/SDWebImage.framework",
				"${BUILT_PRODUCTS_DIR}/SDWebImageSVGCoder/SDWebImageSVGCoder.framework",
				"${BUILT_PRODUCTS_DIR}/SVGKit/SVGKit.framework",
				"${BUILT_PRODUCTS_DIR}/SwiftyJSON/SwiftyJSON.framework",
			);
			name = "[CP] Embed Pods Frameworks";
			outputFileListPaths = (
			);
			outputPaths = (
				"${TARGET_BUILD_DIR}/${FRAMEWORKS_FOLDER_PATH}/Alamofire.framework",
				"${TARGET_BUILD_DIR}/${FRAMEWORKS_FOLDER_PATH}/CocoaLumberjack.framework",
				"${TARGET_BUILD_DIR}/${FRAMEWORKS_FOLDER_PATH}/SDWebImage.framework",
				"${TARGET_BUILD_DIR}/${FRAMEWORKS_FOLDER_PATH}/SDWebImageSVGCoder.framework",
				"${TARGET_BUILD_DIR}/${FRAMEWORKS_FOLDER_PATH}/SVGKit.framework",
				"${TARGET_BUILD_DIR}/${FRAMEWORKS_FOLDER_PATH}/SwiftyJSON.framework",
			);
			runOnlyForDeploymentPostprocessing = 0;
			shellPath = /bin/sh;
			shellScript = "\"${PODS_ROOT}/Target Support Files/Pods-REST Countries Browser/Pods-REST Countries Browser-frameworks.sh\"\n";
			showEnvVarsInLog = 0;
		};
/* End PBXShellScriptBuildPhase section */

/* Begin PBXSourcesBuildPhase section */
		40654105228034CD00953E27 /* Sources */ = {
			isa = PBXSourcesBuildPhase;
			buildActionMask = 2147483647;
			files = (
				40D521EF228077B600AD18CE /* CountryCell.swift in Sources */,
				40B99CAF2284599A0086AD85 /* Extensions.swift in Sources */,
				4065410F228034CD00953E27 /* MainScreenViewController.swift in Sources */,
				404D58092281600C00B17E2A /* DetailsScreenViewController.swift in Sources */,
				40F254AA2280362C00003328 /* CountryHeader.swift in Sources */,
				4065410D228034CD00953E27 /* AppDelegate.swift in Sources */,
				40161B7A2282B26800473100 /* CountryDetails.swift in Sources */,
				40D1B08322830DF40059D985 /* DetailsTableViewCell.swift in Sources */,
				40B99CAD22841D5F0086AD85 /* CustomViewController.swift in Sources */,
			);
			runOnlyForDeploymentPostprocessing = 0;
		};
		40654119228034CE00953E27 /* Sources */ = {
			isa = PBXSourcesBuildPhase;
			buildActionMask = 2147483647;
			files = (
				40654122228034CE00953E27 /* REST_Countries_BrowserTests.swift in Sources */,
			);
			runOnlyForDeploymentPostprocessing = 0;
		};
/* End PBXSourcesBuildPhase section */

/* Begin PBXTargetDependency section */
		4065411F228034CE00953E27 /* PBXTargetDependency */ = {
			isa = PBXTargetDependency;
			target = 40654108228034CD00953E27 /* REST Countries Browser */;
			targetProxy = 4065411E228034CE00953E27 /* PBXContainerItemProxy */;
		};
/* End PBXTargetDependency section */

/* Begin PBXVariantGroup section */
		40654110228034CD00953E27 /* Main.storyboard */ = {
			isa = PBXVariantGroup;
			children = (
				40654111228034CD00953E27 /* Base */,
			);
			name = Main.storyboard;
			sourceTree = "<group>";
		};
/* End PBXVariantGroup section */

/* Begin XCBuildConfiguration section */
		40654124228034CE00953E27 /* Debug */ = {
			isa = XCBuildConfiguration;
			buildSettings = {
				ALWAYS_SEARCH_USER_PATHS = NO;
				CLANG_ANALYZER_NONNULL = YES;
				CLANG_ANALYZER_NUMBER_OBJECT_CONVERSION = YES_AGGRESSIVE;
				CLANG_CXX_LANGUAGE_STANDARD = "gnu++14";
				CLANG_CXX_LIBRARY = "libc++";
				CLANG_ENABLE_MODULES = YES;
				CLANG_ENABLE_OBJC_ARC = YES;
				CLANG_ENABLE_OBJC_WEAK = YES;
				CLANG_WARN_BLOCK_CAPTURE_AUTORELEASING = YES;
				CLANG_WARN_BOOL_CONVERSION = YES;
				CLANG_WARN_COMMA = YES;
				CLANG_WARN_CONSTANT_CONVERSION = YES;
				CLANG_WARN_DEPRECATED_OBJC_IMPLEMENTATIONS = YES;
				CLANG_WARN_DIRECT_OBJC_ISA_USAGE = YES_ERROR;
				CLANG_WARN_DOCUMENTATION_COMMENTS = YES;
				CLANG_WARN_EMPTY_BODY = YES;
				CLANG_WARN_ENUM_CONVERSION = YES;
				CLANG_WARN_INFINITE_RECURSION = YES;
				CLANG_WARN_INT_CONVERSION = YES;
				CLANG_WARN_NON_LITERAL_NULL_CONVERSION = YES;
				CLANG_WARN_OBJC_IMPLICIT_RETAIN_SELF = YES;
				CLANG_WARN_OBJC_LITERAL_CONVERSION = YES;
				CLANG_WARN_OBJC_ROOT_CLASS = YES_ERROR;
				CLANG_WARN_RANGE_LOOP_ANALYSIS = YES;
				CLANG_WARN_STRICT_PROTOTYPES = YES;
				CLANG_WARN_SUSPICIOUS_MOVE = YES;
				CLANG_WARN_UNGUARDED_AVAILABILITY = YES_AGGRESSIVE;
				CLANG_WARN_UNREACHABLE_CODE = YES;
				CLANG_WARN__DUPLICATE_METHOD_MATCH = YES;
				CODE_SIGN_IDENTITY = "iPhone Developer";
				COPY_PHASE_STRIP = NO;
				DEBUG_INFORMATION_FORMAT = dwarf;
				ENABLE_STRICT_OBJC_MSGSEND = YES;
				ENABLE_TESTABILITY = YES;
				GCC_C_LANGUAGE_STANDARD = gnu11;
				GCC_DYNAMIC_NO_PIC = NO;
				GCC_NO_COMMON_BLOCKS = YES;
				GCC_OPTIMIZATION_LEVEL = 0;
				GCC_PREPROCESSOR_DEFINITIONS = (
					"DEBUG=1",
					"$(inherited)",
				);
				GCC_WARN_64_TO_32_BIT_CONVERSION = YES;
				GCC_WARN_ABOUT_RETURN_TYPE = YES_ERROR;
				GCC_WARN_UNDECLARED_SELECTOR = YES;
				GCC_WARN_UNINITIALIZED_AUTOS = YES_AGGRESSIVE;
				GCC_WARN_UNUSED_FUNCTION = YES;
				GCC_WARN_UNUSED_VARIABLE = YES;
				IPHONEOS_DEPLOYMENT_TARGET = 12.2;
				MTL_ENABLE_DEBUG_INFO = INCLUDE_SOURCE;
				MTL_FAST_MATH = YES;
				ONLY_ACTIVE_ARCH = YES;
				SDKROOT = iphoneos;
				SWIFT_ACTIVE_COMPILATION_CONDITIONS = DEBUG;
				SWIFT_OPTIMIZATION_LEVEL = "-Onone";
			};
			name = Debug;
		};
		40654125228034CE00953E27 /* Release */ = {
			isa = XCBuildConfiguration;
			buildSettings = {
				ALWAYS_SEARCH_USER_PATHS = NO;
				CLANG_ANALYZER_NONNULL = YES;
				CLANG_ANALYZER_NUMBER_OBJECT_CONVERSION = YES_AGGRESSIVE;
				CLANG_CXX_LANGUAGE_STANDARD = "gnu++14";
				CLANG_CXX_LIBRARY = "libc++";
				CLANG_ENABLE_MODULES = YES;
				CLANG_ENABLE_OBJC_ARC = YES;
				CLANG_ENABLE_OBJC_WEAK = YES;
				CLANG_WARN_BLOCK_CAPTURE_AUTORELEASING = YES;
				CLANG_WARN_BOOL_CONVERSION = YES;
				CLANG_WARN_COMMA = YES;
				CLANG_WARN_CONSTANT_CONVERSION = YES;
				CLANG_WARN_DEPRECATED_OBJC_IMPLEMENTATIONS = YES;
				CLANG_WARN_DIRECT_OBJC_ISA_USAGE = YES_ERROR;
				CLANG_WARN_DOCUMENTATION_COMMENTS = YES;
				CLANG_WARN_EMPTY_BODY = YES;
				CLANG_WARN_ENUM_CONVERSION = YES;
				CLANG_WARN_INFINITE_RECURSION = YES;
				CLANG_WARN_INT_CONVERSION = YES;
				CLANG_WARN_NON_LITERAL_NULL_CONVERSION = YES;
				CLANG_WARN_OBJC_IMPLICIT_RETAIN_SELF = YES;
				CLANG_WARN_OBJC_LITERAL_CONVERSION = YES;
				CLANG_WARN_OBJC_ROOT_CLASS = YES_ERROR;
				CLANG_WARN_RANGE_LOOP_ANALYSIS = YES;
				CLANG_WARN_STRICT_PROTOTYPES = YES;
				CLANG_WARN_SUSPICIOUS_MOVE = YES;
				CLANG_WARN_UNGUARDED_AVAILABILITY = YES_AGGRESSIVE;
				CLANG_WARN_UNREACHABLE_CODE = YES;
				CLANG_WARN__DUPLICATE_METHOD_MATCH = YES;
				CODE_SIGN_IDENTITY = "iPhone Developer";
				COPY_PHASE_STRIP = NO;
				DEBUG_INFORMATION_FORMAT = "dwarf-with-dsym";
				ENABLE_NS_ASSERTIONS = NO;
				ENABLE_STRICT_OBJC_MSGSEND = YES;
				GCC_C_LANGUAGE_STANDARD = gnu11;
				GCC_NO_COMMON_BLOCKS = YES;
				GCC_WARN_64_TO_32_BIT_CONVERSION = YES;
				GCC_WARN_ABOUT_RETURN_TYPE = YES_ERROR;
				GCC_WARN_UNDECLARED_SELECTOR = YES;
				GCC_WARN_UNINITIALIZED_AUTOS = YES_AGGRESSIVE;
				GCC_WARN_UNUSED_FUNCTION = YES;
				GCC_WARN_UNUSED_VARIABLE = YES;
				IPHONEOS_DEPLOYMENT_TARGET = 12.2;
				MTL_ENABLE_DEBUG_INFO = NO;
				MTL_FAST_MATH = YES;
				SDKROOT = iphoneos;
				SWIFT_COMPILATION_MODE = wholemodule;
				SWIFT_OPTIMIZATION_LEVEL = "-O";
				VALIDATE_PRODUCT = YES;
			};
			name = Release;
		};
		40654127228034CE00953E27 /* Debug */ = {
			isa = XCBuildConfiguration;
			baseConfigurationReference = F18D0ABCEEF89BD3710E6B30 /* Pods-REST Countries Browser.debug.xcconfig */;
			buildSettings = {
				ASSETCATALOG_COMPILER_APPICON_NAME = AppIcon;
				CODE_SIGN_STYLE = Automatic;
				DEVELOPMENT_TEAM = 2H6DVX9M24;
				INFOPLIST_FILE = "REST Countries Browser/Info.plist";
				LD_RUNPATH_SEARCH_PATHS = (
					"$(inherited)",
					"@executable_path/Frameworks",
				);
				PRODUCT_BUNDLE_IDENTIFIER = "eu.AppNest.REST-Countries-Browser";
				PRODUCT_NAME = "$(TARGET_NAME)";
				SWIFT_VERSION = 5.0;
				TARGETED_DEVICE_FAMILY = "1,2";
			};
			name = Debug;
		};
		40654128228034CE00953E27 /* Release */ = {
			isa = XCBuildConfiguration;
			baseConfigurationReference = AF54309DB0B00D6FF76B4A9F /* Pods-REST Countries Browser.release.xcconfig */;
			buildSettings = {
				ASSETCATALOG_COMPILER_APPICON_NAME = AppIcon;
				CODE_SIGN_STYLE = Automatic;
				DEVELOPMENT_TEAM = 2H6DVX9M24;
				INFOPLIST_FILE = "REST Countries Browser/Info.plist";
				LD_RUNPATH_SEARCH_PATHS = (
					"$(inherited)",
					"@executable_path/Frameworks",
				);
				PRODUCT_BUNDLE_IDENTIFIER = "eu.AppNest.REST-Countries-Browser";
				PRODUCT_NAME = "$(TARGET_NAME)";
				SWIFT_VERSION = 5.0;
				TARGETED_DEVICE_FAMILY = "1,2";
			};
			name = Release;
		};
		4065412A228034CE00953E27 /* Debug */ = {
			isa = XCBuildConfiguration;
			baseConfigurationReference = 0A2B019A0CE5B1CF65D5905A /* Pods-REST Countries BrowserTests.debug.xcconfig */;
			buildSettings = {
				ALWAYS_EMBED_SWIFT_STANDARD_LIBRARIES = YES;
				BUNDLE_LOADER = "$(TEST_HOST)";
				CODE_SIGN_STYLE = Automatic;
				DEVELOPMENT_TEAM = 2H6DVX9M24;
				INFOPLIST_FILE = "REST Countries BrowserTests/Info.plist";
				LD_RUNPATH_SEARCH_PATHS = (
					"$(inherited)",
					"@executable_path/Frameworks",
					"@loader_path/Frameworks",
				);
				PRODUCT_BUNDLE_IDENTIFIER = "eu.AppNest.REST-Countries-BrowserTests";
				PRODUCT_NAME = "$(TARGET_NAME)";
				SWIFT_VERSION = 5.0;
				TARGETED_DEVICE_FAMILY = "1,2";
				TEST_HOST = "$(BUILT_PRODUCTS_DIR)/REST Countries Browser.app/REST Countries Browser";
			};
			name = Debug;
		};
		4065412B228034CE00953E27 /* Release */ = {
			isa = XCBuildConfiguration;
			baseConfigurationReference = BFF85B8E4970CD5732B7ED46 /* Pods-REST Countries BrowserTests.release.xcconfig */;
			buildSettings = {
				ALWAYS_EMBED_SWIFT_STANDARD_LIBRARIES = YES;
				BUNDLE_LOADER = "$(TEST_HOST)";
				CODE_SIGN_STYLE = Automatic;
				DEVELOPMENT_TEAM = 2H6DVX9M24;
				INFOPLIST_FILE = "REST Countries BrowserTests/Info.plist";
				LD_RUNPATH_SEARCH_PATHS = (
					"$(inherited)",
					"@executable_path/Frameworks",
					"@loader_path/Frameworks",
				);
				PRODUCT_BUNDLE_IDENTIFIER = "eu.AppNest.REST-Countries-BrowserTests";
				PRODUCT_NAME = "$(TARGET_NAME)";
				SWIFT_VERSION = 5.0;
				TARGETED_DEVICE_FAMILY = "1,2";
				TEST_HOST = "$(BUILT_PRODUCTS_DIR)/REST Countries Browser.app/REST Countries Browser";
			};
			name = Release;
		};
/* End XCBuildConfiguration section */

/* Begin XCConfigurationList section */
		40654104228034CD00953E27 /* Build configuration list for PBXProject "REST Countries Browser" */ = {
			isa = XCConfigurationList;
			buildConfigurations = (
				40654124228034CE00953E27 /* Debug */,
				40654125228034CE00953E27 /* Release */,
			);
			defaultConfigurationIsVisible = 0;
			defaultConfigurationName = Release;
		};
		40654126228034CE00953E27 /* Build configuration list for PBXNativeTarget "REST Countries Browser" */ = {
			isa = XCConfigurationList;
			buildConfigurations = (
				40654127228034CE00953E27 /* Debug */,
				40654128228034CE00953E27 /* Release */,
			);
			defaultConfigurationIsVisible = 0;
			defaultConfigurationName = Release;
		};
		40654129228034CE00953E27 /* Build configuration list for PBXNativeTarget "REST Countries BrowserTests" */ = {
			isa = XCConfigurationList;
			buildConfigurations = (
				4065412A228034CE00953E27 /* Debug */,
				4065412B228034CE00953E27 /* Release */,
			);
			defaultConfigurationIsVisible = 0;
			defaultConfigurationName = Release;
		};
/* End XCConfigurationList section */
	};
	rootObject = 40654101228034CD00953E27 /* Project object */;
}
