// !$*UTF8*$!
{
	archiveVersion = 1;
	classes = {
	};
	objectVersion = 50;
	objects = {

/* Begin PBXBuildFile section */
		4065410D228034CD00953E27 /* AppDelegate.swift in Sources */ = {isa = PBXBuildFile; fileRef = 4065410C228034CD00953E27 /* AppDelegate.swift */; };
		4065410F228034CD00953E27 /* ViewController.swift in Sources */ = {isa = PBXBuildFile; fileRef = 4065410E228034CD00953E27 /* ViewController.swift */; };
		40654112228034CD00953E27 /* Main.storyboard in Resources */ = {isa = PBXBuildFile; fileRef = 40654110228034CD00953E27 /* Main.storyboard */; };
		40654114228034CE00953E27 /* Assets.xcassets in Resources */ = {isa = PBXBuildFile; fileRef = 40654113228034CE00953E27 /* Assets.xcassets */; };
		40654117228034CE00953E27 /* LaunchScreen.storyboard in Resources */ = {isa = PBXBuildFile; fileRef = 40654115228034CE00953E27 /* LaunchScreen.storyboard */; };
		40654122228034CE00953E27 /* REST_Countries_BrowserTests.swift in Sources */ = {isa = PBXBuildFile; fileRef = 40654121228034CE00953E27 /* REST_Countries_BrowserTests.swift */; };
/* End PBXBuildFile section */

/* Begin PBXContainerItemProxy section */
		4065411E228034CE00953E27 /* PBXContainerItemProxy */ = {
			isa = PBXContainerItemProxy;
			containerPortal = 40654101228034CD00953E27 /* Project object */;
			proxyType = 1;
			remoteGlobalIDString = 40654108228034CD00953E27;
			remoteInfo = "REST Countries Browser";
		};
/* End PBXContainerItemProxy section */

/* Begin PBXFileReference section */
		40654109228034CD00953E27 /* REST Countries Browser.app */ = {isa = PBXFileReference; explicitFileType = wrapper.application; includeInIndex = 0; path = "REST Countries Browser.app"; sourceTree = BUILT_PRODUCTS_DIR; };
		4065410C228034CD00953E27 /* AppDelegate.swift */ = {isa = PBXFileReference; lastKnownFileType = sourcecode.swift; path = AppDelegate.swift; sourceTree = "<group>"; };
		4065410E228034CD00953E27 /* ViewController.swift */ = {isa = PBXFileReference; lastKnownFileType = sourcecode.swift; path = ViewController.swift; sourceTree = "<group>"; };
		40654111228034CD00953E27 /* Base */ = {isa = PBXFileReference; lastKnownFileType = file.storyboard; name = Base; path = Base.lproj/Main.storyboard; sourceTree = "<group>"; };
		40654113228034CE00953E27 /* Assets.xcassets */ = {isa = PBXFileReference; lastKnownFileType = folder.assetcatalog; path = Assets.xcassets; sourceTree = "<group>"; };
		40654116228034CE00953E27 /* Base */ = {isa = PBXFileReference; lastKnownFileType = file.storyboard; name = Base; path = Base.lproj/LaunchScreen.storyboard; sourceTree = "<group>"; };
		40654118228034CE00953E27 /* Info.plist */ = {isa = PBXFileReference; lastKnownFileType = text.plist.xml; path = Info.plist; sourceTree = "<group>"; };
		4065411D228034CE00953E27 /* REST Countries BrowserTests.xctest */ = {isa = PBXFileReference; explicitFileType = wrapper.cfbundle; includeInIndex = 0; path = "REST Countries BrowserTests.xctest"; sourceTree = BUILT_PRODUCTS_DIR; };
		40654121228034CE00953E27 /* REST_Countries_BrowserTests.swift */ = {isa = PBXFileReference; lastKnownFileType = sourcecode.swift; path = REST_Countries_BrowserTests.swift; sourceTree = "<group>"; };
		40654123228034CE00953E27 /* Info.plist */ = {isa = PBXFileReference; lastKnownFileType = text.plist.xml; path = Info.plist; sourceTree = "<group>"; };
/* End PBXFileReference section */

/* Begin PBXFrameworksBuildPhase section */
		40654106228034CD00953E27 /* Frameworks */ = {
			isa = PBXFrameworksBuildPhase;
			buildActionMask = 2147483647;
			files = (
			);
			runOnlyForDeploymentPostprocessing = 0;
		};
		4065411A228034CE00953E27 /* Frameworks */ = {
			isa = PBXFrameworksBuildPhase;
			buildActionMask = 2147483647;
			files = (
			);
			runOnlyForDeploymentPostprocessing = 0;
		};
/* End PBXFrameworksBuildPhase section */

/* Begin PBXGroup section */
		40654100228034CD00953E27 = {
			isa = PBXGroup;
			children = (
				4065410B228034CD00953E27 /* REST Countries Browser */,
				40654120228034CE00953E27 /* REST Countries BrowserTests */,
				4065410A228034CD00953E27 /* Products */,
			);
			sourceTree = "<group>";
		};
		4065410A228034CD00953E27 /* Products */ = {
			isa = PBXGroup;
			children = (
				40654109228034CD00953E27 /* REST Countries Browser.app */,
				4065411D228034CE00953E27 /* REST Countries BrowserTests.xctest */,
			);
			name = Products;
			sourceTree = "<group>";
		};
		4065410B228034CD00953E27 /* REST Countries Browser */ = {
			isa = PBXGroup;
			children = (
				4065410C228034CD00953E27 /* AppDelegate.swift */,
				4065410E228034CD00953E27 /* ViewController.swift */,
				40654110228034CD00953E27 /* Main.storyboard */,
				40654113228034CE00953E27 /* Assets.xcassets */,
				40654115228034CE00953E27 /* LaunchScreen.storyboard */,
				40654118228034CE00953E27 /* Info.plist */,
			);
			path = "REST Countries Browser";
			sourceTree = "<group>";
		};
		40654120228034CE00953E27 /* REST Countries BrowserTests */ = {
			isa = PBXGroup;
			children = (
				40654121228034CE00953E27 /* REST_Countries_BrowserTests.swift */,
				40654123228034CE00953E27 /* Info.plist */,
			);
			path = "REST Countries BrowserTests";
			sourceTree = "<group>";
		};
/* End PBXGroup section */

/* Begin PBXNativeTarget section */
		40654108228034CD00953E27 /* REST Countries Browser */ = {
			isa = PBXNativeTarget;
			buildConfigurationList = 40654126228034CE00953E27 /* Build configuration list for PBXNativeTarget "REST Countries Browser" */;
			buildPhases = (
				40654105228034CD00953E27 /* Sources */,
				40654106228034CD00953E27 /* Frameworks */,
				40654107228034CD00953E27 /* Resources */,
			);
			buildRules = (
			);
			dependencies = (
			);
			name = "REST Countries Browser";
			productName = "REST Countries Browser";
			productReference = 40654109228034CD00953E27 /* REST Countries Browser.app */;
			productType = "com.apple.product-type.application";
		};
		4065411C228034CE00953E27 /* REST Countries BrowserTests */ = {
			isa = PBXNativeTarget;
			buildConfigurationList = 40654129228034CE00953E27 /* Build configuration list for PBXNativeTarget "REST Countries BrowserTests" */;
			buildPhases = (
				40654119228034CE00953E27 /* Sources */,
				4065411A228034CE00953E27 /* Frameworks */,
				4065411B228034CE00953E27 /* Resources */,
			);
			buildRules = (
			);
			dependencies = (
				4065411F228034CE00953E27 /* PBXTargetDependency */,
			);
			name = "REST Countries BrowserTests";
			productName = "REST Countries BrowserTests";
			productReference = 4065411D228034CE00953E27 /* REST Countries BrowserTests.xctest */;
			productType = "com.apple.product-type.bundle.unit-test";
		};
/* End PBXNativeTarget section */

/* Begin PBXProject section */
		40654101228034CD00953E27 /* Project object */ = {
			isa = PBXProject;
			attributes = {
				LastSwiftUpdateCheck = 1020;
				LastUpgradeCheck = 1020;
				ORGANIZATIONNAME = "Andrzej Czyżyk";
				TargetAttributes = {
					40654108228034CD00953E27 = {
						CreatedOnToolsVersion = 10.2.1;
					};
					4065411C228034CE00953E27 = {
						CreatedOnToolsVersion = 10.2.1;
						TestTargetID = 40654108228034CD00953E27;
					};
				};
			};
			buildConfigurationList = 40654104228034CD00953E27 /* Build configuration list for PBXProject "REST Countries Browser" */;
			compatibilityVersion = "Xcode 9.3";
			developmentRegion = en;
			hasScannedForEncodings = 0;
			knownRegions = (
				en,
				Base,
			);
			mainGroup = 40654100228034CD00953E27;
			productRefGroup = 4065410A228034CD00953E27 /* Products */;
			projectDirPath = "";
			projectRoot = "";
			targets = (
				40654108228034CD00953E27 /* REST Countries Browser */,
				4065411C228034CE00953E27 /* REST Countries BrowserTests */,
			);
		};
/* End PBXProject section */

/* Begin PBXResourcesBuildPhase section */
		40654107228034CD00953E27 /* Resources */ = {
			isa = PBXResourcesBuildPhase;
			buildActionMask = 2147483647;
			files = (
				40654117228034CE00953E27 /* LaunchScreen.storyboard in Resources */,
				40654114228034CE00953E27 /* Assets.xcassets in Resources */,
				40654112228034CD00953E27 /* Main.storyboard in Resources */,
			);
			runOnlyForDeploymentPostprocessing = 0;
		};
		4065411B228034CE00953E27 /* Resources */ = {
			isa = PBXResourcesBuildPhase;
			buildActionMask = 2147483647;
			files = (
			);
			runOnlyForDeploymentPostprocessing = 0;
		};
/* End PBXResourcesBuildPhase section */

/* Begin PBXSourcesBuildPhase section */
		40654105228034CD00953E27 /* Sources */ = {
			isa = PBXSourcesBuildPhase;
			buildActionMask = 2147483647;
			files = (
				4065410F228034CD00953E27 /* ViewController.swift in Sources */,
				4065410D228034CD00953E27 /* AppDelegate.swift in Sources */,
			);
			runOnlyForDeploymentPostprocessing = 0;
		};
		40654119228034CE00953E27 /* Sources */ = {
			isa = PBXSourcesBuildPhase;
			buildActionMask = 2147483647;
			files = (
				40654122228034CE00953E27 /* REST_Countries_BrowserTests.swift in Sources */,
			);
			runOnlyForDeploymentPostprocessing = 0;
		};
/* End PBXSourcesBuildPhase section */

/* Begin PBXTargetDependency section */
		4065411F228034CE00953E27 /* PBXTargetDependency */ = {
			isa = PBXTargetDependency;
			target = 40654108228034CD00953E27 /* REST Countries Browser */;
			targetProxy = 4065411E228034CE00953E27 /* PBXContainerItemProxy */;
		};
/* End PBXTargetDependency section */

/* Begin PBXVariantGroup section */
		40654110228034CD00953E27 /* Main.storyboard */ = {
			isa = PBXVariantGroup;
			children = (
				40654111228034CD00953E27 /* Base */,
			);
			name = Main.storyboard;
			sourceTree = "<group>";
		};
		40654115228034CE00953E27 /* LaunchScreen.storyboard */ = {
			isa = PBXVariantGroup;
			children = (
				40654116228034CE00953E27 /* Base */,
			);
			name = LaunchScreen.storyboard;
			sourceTree = "<group>";
		};
/* End PBXVariantGroup section */

/* Begin XCBuildConfiguration section */
		40654124228034CE00953E27 /* Debug */ = {
			isa = XCBuildConfiguration;
			buildSettings = {
				ALWAYS_SEARCH_USER_PATHS = NO;
				CLANG_ANALYZER_NONNULL = YES;
				CLANG_ANALYZER_NUMBER_OBJECT_CONVERSION = YES_AGGRESSIVE;
				CLANG_CXX_LANGUAGE_STANDARD = "gnu++14";
				CLANG_CXX_LIBRARY = "libc++";
				CLANG_ENABLE_MODULES = YES;
				CLANG_ENABLE_OBJC_ARC = YES;
				CLANG_ENABLE_OBJC_WEAK = YES;
				CLANG_WARN_BLOCK_CAPTURE_AUTORELEASING = YES;
				CLANG_WARN_BOOL_CONVERSION = YES;
				CLANG_WARN_COMMA = YES;
				CLANG_WARN_CONSTANT_CONVERSION = YES;
				CLANG_WARN_DEPRECATED_OBJC_IMPLEMENTATIONS = YES;
				CLANG_WARN_DIRECT_OBJC_ISA_USAGE = YES_ERROR;
				CLANG_WARN_DOCUMENTATION_COMMENTS = YES;
				CLANG_WARN_EMPTY_BODY = YES;
				CLANG_WARN_ENUM_CONVERSION = YES;
				CLANG_WARN_INFINITE_RECURSION = YES;
				CLANG_WARN_INT_CONVERSION = YES;
				CLANG_WARN_NON_LITERAL_NULL_CONVERSION = YES;
				CLANG_WARN_OBJC_IMPLICIT_RETAIN_SELF = YES;
				CLANG_WARN_OBJC_LITERAL_CONVERSION = YES;
				CLANG_WARN_OBJC_ROOT_CLASS = YES_ERROR;
				CLANG_WARN_RANGE_LOOP_ANALYSIS = YES;
				CLANG_WARN_STRICT_PROTOTYPES = YES;
				CLANG_WARN_SUSPICIOUS_MOVE = YES;
				CLANG_WARN_UNGUARDED_AVAILABILITY = YES_AGGRESSIVE;
				CLANG_WARN_UNREACHABLE_CODE = YES;
				CLANG_WARN__DUPLICATE_METHOD_MATCH = YES;
				CODE_SIGN_IDENTITY = "iPhone Developer";
				COPY_PHASE_STRIP = NO;
				DEBUG_INFORMATION_FORMAT = dwarf;
				ENABLE_STRICT_OBJC_MSGSEND = YES;
				ENABLE_TESTABILITY = YES;
				GCC_C_LANGUAGE_STANDARD = gnu11;
				GCC_DYNAMIC_NO_PIC = NO;
				GCC_NO_COMMON_BLOCKS = YES;
				GCC_OPTIMIZATION_LEVEL = 0;
				GCC_PREPROCESSOR_DEFINITIONS = (
					"DEBUG=1",
					"$(inherited)",
				);
				GCC_WARN_64_TO_32_BIT_CONVERSION = YES;
				GCC_WARN_ABOUT_RETURN_TYPE = YES_ERROR;
				GCC_WARN_UNDECLARED_SELECTOR = YES;
				GCC_WARN_UNINITIALIZED_AUTOS = YES_AGGRESSIVE;
				GCC_WARN_UNUSED_FUNCTION = YES;
				GCC_WARN_UNUSED_VARIABLE = YES;
				IPHONEOS_DEPLOYMENT_TARGET = 12.2;
				MTL_ENABLE_DEBUG_INFO = INCLUDE_SOURCE;
				MTL_FAST_MATH = YES;
				ONLY_ACTIVE_ARCH = YES;
				SDKROOT = iphoneos;
				SWIFT_ACTIVE_COMPILATION_CONDITIONS = DEBUG;
				SWIFT_OPTIMIZATION_LEVEL = "-Onone";
			};
			name = Debug;
		};
		40654125228034CE00953E27 /* Release */ = {
			isa = XCBuildConfiguration;
			buildSettings = {
				ALWAYS_SEARCH_USER_PATHS = NO;
				CLANG_ANALYZER_NONNULL = YES;
				CLANG_ANALYZER_NUMBER_OBJECT_CONVERSION = YES_AGGRESSIVE;
				CLANG_CXX_LANGUAGE_STANDARD = "gnu++14";
				CLANG_CXX_LIBRARY = "libc++";
				CLANG_ENABLE_MODULES = YES;
				CLANG_ENABLE_OBJC_ARC = YES;
				CLANG_ENABLE_OBJC_WEAK = YES;
				CLANG_WARN_BLOCK_CAPTURE_AUTORELEASING = YES;
				CLANG_WARN_BOOL_CONVERSION = YES;
				CLANG_WARN_COMMA = YES;
				CLANG_WARN_CONSTANT_CONVERSION = YES;
				CLANG_WARN_DEPRECATED_OBJC_IMPLEMENTATIONS = YES;
				CLANG_WARN_DIRECT_OBJC_ISA_USAGE = YES_ERROR;
				CLANG_WARN_DOCUMENTATION_COMMENTS = YES;
				CLANG_WARN_EMPTY_BODY = YES;
				CLANG_WARN_ENUM_CONVERSION = YES;
				CLANG_WARN_INFINITE_RECURSION = YES;
				CLANG_WARN_INT_CONVERSION = YES;
				CLANG_WARN_NON_LITERAL_NULL_CONVERSION = YES;
				CLANG_WARN_OBJC_IMPLICIT_RETAIN_SELF = YES;
				CLANG_WARN_OBJC_LITERAL_CONVERSION = YES;
				CLANG_WARN_OBJC_ROOT_CLASS = YES_ERROR;
				CLANG_WARN_RANGE_LOOP_ANALYSIS = YES;
				CLANG_WARN_STRICT_PROTOTYPES = YES;
				CLANG_WARN_SUSPICIOUS_MOVE = YES;
				CLANG_WARN_UNGUARDED_AVAILABILITY = YES_AGGRESSIVE;
				CLANG_WARN_UNREACHABLE_CODE = YES;
				CLANG_WARN__DUPLICATE_METHOD_MATCH = YES;
				CODE_SIGN_IDENTITY = "iPhone Developer";
				COPY_PHASE_STRIP = NO;
				DEBUG_INFORMATION_FORMAT = "dwarf-with-dsym";
				ENABLE_NS_ASSERTIONS = NO;
				ENABLE_STRICT_OBJC_MSGSEND = YES;
				GCC_C_LANGUAGE_STANDARD = gnu11;
				GCC_NO_COMMON_BLOCKS = YES;
				GCC_WARN_64_TO_32_BIT_CONVERSION = YES;
				GCC_WARN_ABOUT_RETURN_TYPE = YES_ERROR;
				GCC_WARN_UNDECLARED_SELECTOR = YES;
				GCC_WARN_UNINITIALIZED_AUTOS = YES_AGGRESSIVE;
				GCC_WARN_UNUSED_FUNCTION = YES;
				GCC_WARN_UNUSED_VARIABLE = YES;
				IPHONEOS_DEPLOYMENT_TARGET = 12.2;
				MTL_ENABLE_DEBUG_INFO = NO;
				MTL_FAST_MATH = YES;
				SDKROOT = iphoneos;
				SWIFT_COMPILATION_MODE = wholemodule;
				SWIFT_OPTIMIZATION_LEVEL = "-O";
				VALIDATE_PRODUCT = YES;
			};
			name = Release;
		};
		40654127228034CE00953E27 /* Debug */ = {
			isa = XCBuildConfiguration;
			buildSettings = {
				ASSETCATALOG_COMPILER_APPICON_NAME = AppIcon;
				CODE_SIGN_STYLE = Automatic;
				DEVELOPMENT_TEAM = 2H6DVX9M24;
				INFOPLIST_FILE = "REST Countries Browser/Info.plist";
				LD_RUNPATH_SEARCH_PATHS = (
					"$(inherited)",
					"@executable_path/Frameworks",
				);
				PRODUCT_BUNDLE_IDENTIFIER = "eu.AppNest.REST-Countries-Browser";
				PRODUCT_NAME = "$(TARGET_NAME)";
				SWIFT_VERSION = 5.0;
				TARGETED_DEVICE_FAMILY = "1,2";
			};
			name = Debug;
		};
		40654128228034CE00953E27 /* Release */ = {
			isa = XCBuildConfiguration;
			buildSettings = {
				ASSETCATALOG_COMPILER_APPICON_NAME = AppIcon;
				CODE_SIGN_STYLE = Automatic;
				DEVELOPMENT_TEAM = 2H6DVX9M24;
				INFOPLIST_FILE = "REST Countries Browser/Info.plist";
				LD_RUNPATH_SEARCH_PATHS = (
					"$(inherited)",
					"@executable_path/Frameworks",
				);
				PRODUCT_BUNDLE_IDENTIFIER = "eu.AppNest.REST-Countries-Browser";
				PRODUCT_NAME = "$(TARGET_NAME)";
				SWIFT_VERSION = 5.0;
				TARGETED_DEVICE_FAMILY = "1,2";
			};
			name = Release;
		};
		4065412A228034CE00953E27 /* Debug */ = {
			isa = XCBuildConfiguration;
			buildSettings = {
				ALWAYS_EMBED_SWIFT_STANDARD_LIBRARIES = YES;
				BUNDLE_LOADER = "$(TEST_HOST)";
				CODE_SIGN_STYLE = Automatic;
				DEVELOPMENT_TEAM = 2H6DVX9M24;
				INFOPLIST_FILE = "REST Countries BrowserTests/Info.plist";
				LD_RUNPATH_SEARCH_PATHS = (
					"$(inherited)",
					"@executable_path/Frameworks",
					"@loader_path/Frameworks",
				);
				PRODUCT_BUNDLE_IDENTIFIER = "eu.AppNest.REST-Countries-BrowserTests";
				PRODUCT_NAME = "$(TARGET_NAME)";
				SWIFT_VERSION = 5.0;
				TARGETED_DEVICE_FAMILY = "1,2";
				TEST_HOST = "$(BUILT_PRODUCTS_DIR)/REST Countries Browser.app/REST Countries Browser";
			};
			name = Debug;
		};
		4065412B228034CE00953E27 /* Release */ = {
			isa = XCBuildConfiguration;
			buildSettings = {
				ALWAYS_EMBED_SWIFT_STANDARD_LIBRARIES = YES;
				BUNDLE_LOADER = "$(TEST_HOST)";
				CODE_SIGN_STYLE = Automatic;
				DEVELOPMENT_TEAM = 2H6DVX9M24;
				INFOPLIST_FILE = "REST Countries BrowserTests/Info.plist";
				LD_RUNPATH_SEARCH_PATHS = (
					"$(inherited)",
					"@executable_path/Frameworks",
					"@loader_path/Frameworks",
				);
				PRODUCT_BUNDLE_IDENTIFIER = "eu.AppNest.REST-Countries-BrowserTests";
				PRODUCT_NAME = "$(TARGET_NAME)";
				SWIFT_VERSION = 5.0;
				TARGETED_DEVICE_FAMILY = "1,2";
				TEST_HOST = "$(BUILT_PRODUCTS_DIR)/REST Countries Browser.app/REST Countries Browser";
			};
			name = Release;
		};
/* End XCBuildConfiguration section */

/* Begin XCConfigurationList section */
		40654104228034CD00953E27 /* Build configuration list for PBXProject "REST Countries Browser" */ = {
			isa = XCConfigurationList;
			buildConfigurations = (
				40654124228034CE00953E27 /* Debug */,
				40654125228034CE00953E27 /* Release */,
			);
			defaultConfigurationIsVisible = 0;
			defaultConfigurationName = Release;
		};
		40654126228034CE00953E27 /* Build configuration list for PBXNativeTarget "REST Countries Browser" */ = {
			isa = XCConfigurationList;
			buildConfigurations = (
				40654127228034CE00953E27 /* Debug */,
				40654128228034CE00953E27 /* Release */,
			);
			defaultConfigurationIsVisible = 0;
			defaultConfigurationName = Release;
		};
		40654129228034CE00953E27 /* Build configuration list for PBXNativeTarget "REST Countries BrowserTests" */ = {
			isa = XCConfigurationList;
			buildConfigurations = (
				4065412A228034CE00953E27 /* Debug */,
				4065412B228034CE00953E27 /* Release */,
			);
			defaultConfigurationIsVisible = 0;
			defaultConfigurationName = Release;
		};
/* End XCConfigurationList section */
	};
	rootObject = 40654101228034CD00953E27 /* Project object */;
}
